
Microsoft Visual Studio Solution File, Format Version 12.00
# Visual Studio Version 17
VisualStudioVersion = 17.7.34031.279
MinimumVisualStudioVersion = 10.0.40219.1
Project("{FAE04EC0-301F-11D3-BF4B-00C04F79EFBC}") = "Noested", "Noested\Noested.csproj", "{98611CD8-43D1-4001-9E23-1969B04D5BDF}"
EndProject
Global
	GlobalSection(SolutionConfigurationPlatforms) = preSolution
		Debug|Any CPU = Debug|Any CPU
		Release|Any CPU = Release|Any CPU
	EndGlobalSection
	GlobalSection(ProjectConfigurationPlatforms) = postSolution
		{98611CD8-43D1-4001-9E23-1969B04D5BDF}.Debug|Any CPU.ActiveCfg = Debug|Any CPU
		{98611CD8-43D1-4001-9E23-1969B04D5BDF}.Debug|Any CPU.Build.0 = Debug|Any CPU
		{98611CD8-43D1-4001-9E23-1969B04D5BDF}.Release|Any CPU.ActiveCfg = Release|Any CPU
		{98611CD8-43D1-4001-9E23-1969B04D5BDF}.Release|Any CPU.Build.0 = Release|Any CPU
	EndGlobalSection
	GlobalSection(SolutionProperties) = preSolution
		HideSolutionNode = FALSE
	EndGlobalSection
	GlobalSection(ExtensibilityGlobals) = postSolution
		SolutionGuid = {56AD7976-3EEA-498F-A14E-2A5D4C445B44}
	EndGlobalSection
EndGlobal
